
Microsoft Visual Studio Solution File, Format Version 12.00
# Visual Studio Version 16
VisualStudioVersion = 16.0.29411.108
MinimumVisualStudioVersion = 10.0.40219.1
Project("{9A19103F-16F7-4668-BE54-9A1E7A4F7556}") = "MEU.Common", "MEU.Common\MEU.Common.csproj", "{6C0CE191-6EAF-4077-8896-9F2629FF7E6B}"
EndProject
Project("{9A19103F-16F7-4668-BE54-9A1E7A4F7556}") = "MEU.web", "MEU.web\MEU.web.csproj", "{2A00BD42-2D00-40A5-A9BF-1C1A080E5B28}"
EndProject
Project("{FAE04EC0-301F-11D3-BF4B-00C04F79EFBC}") = "MEU.Prims", "MEU.Prims\MEU.Prims\MEU.Prims.csproj", "{1C3FCDEF-4B20-4EF9-99F8-C0960BD072CA}"
EndProject
Project("{FAE04EC0-301F-11D3-BF4B-00C04F79EFBC}") = "MEU.Prims.Android", "MEU.Prims\MEU.Prims.Android\MEU.Prims.Android.csproj", "{2982FA82-DAB0-4D94-8AD0-EF01955AC172}"
EndProject
Project("{FAE04EC0-301F-11D3-BF4B-00C04F79EFBC}") = "MEU.Prims.iOS", "MEU.Prims\MEU.Prims.iOS\MEU.Prims.iOS.csproj", "{6E070056-4597-4FB1-8CBB-832E705CA35A}"
EndProject
Global
	GlobalSection(SolutionConfigurationPlatforms) = preSolution
		Ad-Hoc|Any CPU = Ad-Hoc|Any CPU
		Ad-Hoc|ARM = Ad-Hoc|ARM
		Ad-Hoc|iPhone = Ad-Hoc|iPhone
		Ad-Hoc|iPhoneSimulator = Ad-Hoc|iPhoneSimulator
		Ad-Hoc|x64 = Ad-Hoc|x64
		Ad-Hoc|x86 = Ad-Hoc|x86
		AppStore|Any CPU = AppStore|Any CPU
		AppStore|ARM = AppStore|ARM
		AppStore|iPhone = AppStore|iPhone
		AppStore|iPhoneSimulator = AppStore|iPhoneSimulator
		AppStore|x64 = AppStore|x64
		AppStore|x86 = AppStore|x86
		Debug|Any CPU = Debug|Any CPU
		Debug|ARM = Debug|ARM
		Debug|iPhone = Debug|iPhone
		Debug|iPhoneSimulator = Debug|iPhoneSimulator
		Debug|x64 = Debug|x64
		Debug|x86 = Debug|x86
		Release|Any CPU = Release|Any CPU
		Release|ARM = Release|ARM
		Release|iPhone = Release|iPhone
		Release|iPhoneSimulator = Release|iPhoneSimulator
		Release|x64 = Release|x64
		Release|x86 = Release|x86
	EndGlobalSection
	GlobalSection(ProjectConfigurationPlatforms) = postSolution
		{6C0CE191-6EAF-4077-8896-9F2629FF7E6B}.Ad-Hoc|Any CPU.ActiveCfg = Release|Any CPU
		{6C0CE191-6EAF-4077-8896-9F2629FF7E6B}.Ad-Hoc|Any CPU.Build.0 = Release|Any CPU
		{6C0CE191-6EAF-4077-8896-9F2629FF7E6B}.Ad-Hoc|ARM.ActiveCfg = Release|Any CPU
		{6C0CE191-6EAF-4077-8896-9F2629FF7E6B}.Ad-Hoc|ARM.Build.0 = Release|Any CPU
		{6C0CE191-6EAF-4077-8896-9F2629FF7E6B}.Ad-Hoc|iPhone.ActiveCfg = Release|Any CPU
		{6C0CE191-6EAF-4077-8896-9F2629FF7E6B}.Ad-Hoc|iPhone.Build.0 = Release|Any CPU
		{6C0CE191-6EAF-4077-8896-9F2629FF7E6B}.Ad-Hoc|iPhoneSimulator.ActiveCfg = Release|Any CPU
		{6C0CE191-6EAF-4077-8896-9F2629FF7E6B}.Ad-Hoc|iPhoneSimulator.Build.0 = Release|Any CPU
		{6C0CE191-6EAF-4077-8896-9F2629FF7E6B}.Ad-Hoc|x64.ActiveCfg = Release|Any CPU
		{6C0CE191-6EAF-4077-8896-9F2629FF7E6B}.Ad-Hoc|x64.Build.0 = Release|Any CPU
		{6C0CE191-6EAF-4077-8896-9F2629FF7E6B}.Ad-Hoc|x86.ActiveCfg = Release|Any CPU
		{6C0CE191-6EAF-4077-8896-9F2629FF7E6B}.Ad-Hoc|x86.Build.0 = Release|Any CPU
		{6C0CE191-6EAF-4077-8896-9F2629FF7E6B}.AppStore|Any CPU.ActiveCfg = Release|Any CPU
		{6C0CE191-6EAF-4077-8896-9F2629FF7E6B}.AppStore|Any CPU.Build.0 = Release|Any CPU
		{6C0CE191-6EAF-4077-8896-9F2629FF7E6B}.AppStore|ARM.ActiveCfg = Release|Any CPU
		{6C0CE191-6EAF-4077-8896-9F2629FF7E6B}.AppStore|ARM.Build.0 = Release|Any CPU
		{6C0CE191-6EAF-4077-8896-9F2629FF7E6B}.AppStore|iPhone.ActiveCfg = Release|Any CPU
		{6C0CE191-6EAF-4077-8896-9F2629FF7E6B}.AppStore|iPhone.Build.0 = Release|Any CPU
		{6C0CE191-6EAF-4077-8896-9F2629FF7E6B}.AppStore|iPhoneSimulator.ActiveCfg = Release|Any CPU
		{6C0CE191-6EAF-4077-8896-9F2629FF7E6B}.AppStore|iPhoneSimulator.Build.0 = Release|Any CPU
		{6C0CE191-6EAF-4077-8896-9F2629FF7E6B}.AppStore|x64.ActiveCfg = Release|Any CPU
		{6C0CE191-6EAF-4077-8896-9F2629FF7E6B}.AppStore|x64.Build.0 = Release|Any CPU
		{6C0CE191-6EAF-4077-8896-9F2629FF7E6B}.AppStore|x86.ActiveCfg = Release|Any CPU
		{6C0CE191-6EAF-4077-8896-9F2629FF7E6B}.AppStore|x86.Build.0 = Release|Any CPU
		{6C0CE191-6EAF-4077-8896-9F2629FF7E6B}.Debug|Any CPU.ActiveCfg = Debug|Any CPU
		{6C0CE191-6EAF-4077-8896-9F2629FF7E6B}.Debug|Any CPU.Build.0 = Debug|Any CPU
		{6C0CE191-6EAF-4077-8896-9F2629FF7E6B}.Debug|ARM.ActiveCfg = Debug|Any CPU
		{6C0CE191-6EAF-4077-8896-9F2629FF7E6B}.Debug|ARM.Build.0 = Debug|Any CPU
		{6C0CE191-6EAF-4077-8896-9F2629FF7E6B}.Debug|iPhone.ActiveCfg = Debug|Any CPU
		{6C0CE191-6EAF-4077-8896-9F2629FF7E6B}.Debug|iPhone.Build.0 = Debug|Any CPU
		{6C0CE191-6EAF-4077-8896-9F2629FF7E6B}.Debug|iPhoneSimulator.ActiveCfg = Debug|Any CPU
		{6C0CE191-6EAF-4077-8896-9F2629FF7E6B}.Debug|iPhoneSimulator.Build.0 = Debug|Any CPU
		{6C0CE191-6EAF-4077-8896-9F2629FF7E6B}.Debug|x64.ActiveCfg = Debug|Any CPU
		{6C0CE191-6EAF-4077-8896-9F2629FF7E6B}.Debug|x64.Build.0 = Debug|Any CPU
		{6C0CE191-6EAF-4077-8896-9F2629FF7E6B}.Debug|x86.ActiveCfg = Debug|Any CPU
		{6C0CE191-6EAF-4077-8896-9F2629FF7E6B}.Debug|x86.Build.0 = Debug|Any CPU
		{6C0CE191-6EAF-4077-8896-9F2629FF7E6B}.Release|Any CPU.ActiveCfg = Release|Any CPU
		{6C0CE191-6EAF-4077-8896-9F2629FF7E6B}.Release|Any CPU.Build.0 = Release|Any CPU
		{6C0CE191-6EAF-4077-8896-9F2629FF7E6B}.Release|ARM.ActiveCfg = Release|Any CPU
		{6C0CE191-6EAF-4077-8896-9F2629FF7E6B}.Release|ARM.Build.0 = Release|Any CPU
		{6C0CE191-6EAF-4077-8896-9F2629FF7E6B}.Release|iPhone.ActiveCfg = Release|Any CPU
		{6C0CE191-6EAF-4077-8896-9F2629FF7E6B}.Release|iPhone.Build.0 = Release|Any CPU
		{6C0CE191-6EAF-4077-8896-9F2629FF7E6B}.Release|iPhoneSimulator.ActiveCfg = Release|Any CPU
		{6C0CE191-6EAF-4077-8896-9F2629FF7E6B}.Release|iPhoneSimulator.Build.0 = Release|Any CPU
		{6C0CE191-6EAF-4077-8896-9F2629FF7E6B}.Release|x64.ActiveCfg = Release|Any CPU
		{6C0CE191-6EAF-4077-8896-9F2629FF7E6B}.Release|x64.Build.0 = Release|Any CPU
		{6C0CE191-6EAF-4077-8896-9F2629FF7E6B}.Release|x86.ActiveCfg = Release|Any CPU
		{6C0CE191-6EAF-4077-8896-9F2629FF7E6B}.Release|x86.Build.0 = Release|Any CPU
		{2A00BD42-2D00-40A5-A9BF-1C1A080E5B28}.Ad-Hoc|Any CPU.ActiveCfg = Release|Any CPU
		{2A00BD42-2D00-40A5-A9BF-1C1A080E5B28}.Ad-Hoc|Any CPU.Build.0 = Release|Any CPU
		{2A00BD42-2D00-40A5-A9BF-1C1A080E5B28}.Ad-Hoc|ARM.ActiveCfg = Release|Any CPU
		{2A00BD42-2D00-40A5-A9BF-1C1A080E5B28}.Ad-Hoc|ARM.Build.0 = Release|Any CPU
		{2A00BD42-2D00-40A5-A9BF-1C1A080E5B28}.Ad-Hoc|iPhone.ActiveCfg = Release|Any CPU
		{2A00BD42-2D00-40A5-A9BF-1C1A080E5B28}.Ad-Hoc|iPhone.Build.0 = Release|Any CPU
		{2A00BD42-2D00-40A5-A9BF-1C1A080E5B28}.Ad-Hoc|iPhoneSimulator.ActiveCfg = Release|Any CPU
		{2A00BD42-2D00-40A5-A9BF-1C1A080E5B28}.Ad-Hoc|iPhoneSimulator.Build.0 = Release|Any CPU
		{2A00BD42-2D00-40A5-A9BF-1C1A080E5B28}.Ad-Hoc|x64.ActiveCfg = Release|Any CPU
		{2A00BD42-2D00-40A5-A9BF-1C1A080E5B28}.Ad-Hoc|x64.Build.0 = Release|Any CPU
		{2A00BD42-2D00-40A5-A9BF-1C1A080E5B28}.Ad-Hoc|x86.ActiveCfg = Release|Any CPU
		{2A00BD42-2D00-40A5-A9BF-1C1A080E5B28}.Ad-Hoc|x86.Build.0 = Release|Any CPU
		{2A00BD42-2D00-40A5-A9BF-1C1A080E5B28}.AppStore|Any CPU.ActiveCfg = Release|Any CPU
		{2A00BD42-2D00-40A5-A9BF-1C1A080E5B28}.AppStore|Any CPU.Build.0 = Release|Any CPU
		{2A00BD42-2D00-40A5-A9BF-1C1A080E5B28}.AppStore|ARM.ActiveCfg = Release|Any CPU
		{2A00BD42-2D00-40A5-A9BF-1C1A080E5B28}.AppStore|ARM.Build.0 = Release|Any CPU
		{2A00BD42-2D00-40A5-A9BF-1C1A080E5B28}.AppStore|iPhone.ActiveCfg = Release|Any CPU
		{2A00BD42-2D00-40A5-A9BF-1C1A080E5B28}.AppStore|iPhone.Build.0 = Release|Any CPU
		{2A00BD42-2D00-40A5-A9BF-1C1A080E5B28}.AppStore|iPhoneSimulator.ActiveCfg = Release|Any CPU
		{2A00BD42-2D00-40A5-A9BF-1C1A080E5B28}.AppStore|iPhoneSimulator.Build.0 = Release|Any CPU
		{2A00BD42-2D00-40A5-A9BF-1C1A080E5B28}.AppStore|x64.ActiveCfg = Release|Any CPU
		{2A00BD42-2D00-40A5-A9BF-1C1A080E5B28}.AppStore|x64.Build.0 = Release|Any CPU
		{2A00BD42-2D00-40A5-A9BF-1C1A080E5B28}.AppStore|x86.ActiveCfg = Release|Any CPU
		{2A00BD42-2D00-40A5-A9BF-1C1A080E5B28}.AppStore|x86.Build.0 = Release|Any CPU
		{2A00BD42-2D00-40A5-A9BF-1C1A080E5B28}.Debug|Any CPU.ActiveCfg = Debug|Any CPU
		{2A00BD42-2D00-40A5-A9BF-1C1A080E5B28}.Debug|Any CPU.Build.0 = Debug|Any CPU
		{2A00BD42-2D00-40A5-A9BF-1C1A080E5B28}.Debug|ARM.ActiveCfg = Debug|Any CPU
		{2A00BD42-2D00-40A5-A9BF-1C1A080E5B28}.Debug|ARM.Build.0 = Debug|Any CPU
		{2A00BD42-2D00-40A5-A9BF-1C1A080E5B28}.Debug|iPhone.ActiveCfg = Debug|Any CPU
		{2A00BD42-2D00-40A5-A9BF-1C1A080E5B28}.Debug|iPhone.Build.0 = Debug|Any CPU
		{2A00BD42-2D00-40A5-A9BF-1C1A080E5B28}.Debug|iPhoneSimulator.ActiveCfg = Debug|Any CPU
		{2A00BD42-2D00-40A5-A9BF-1C1A080E5B28}.Debug|iPhoneSimulator.Build.0 = Debug|Any CPU
		{2A00BD42-2D00-40A5-A9BF-1C1A080E5B28}.Debug|x64.ActiveCfg = Debug|Any CPU
		{2A00BD42-2D00-40A5-A9BF-1C1A080E5B28}.Debug|x64.Build.0 = Debug|Any CPU
		{2A00BD42-2D00-40A5-A9BF-1C1A080E5B28}.Debug|x86.ActiveCfg = Debug|Any CPU
		{2A00BD42-2D00-40A5-A9BF-1C1A080E5B28}.Debug|x86.Build.0 = Debug|Any CPU
		{2A00BD42-2D00-40A5-A9BF-1C1A080E5B28}.Release|Any CPU.ActiveCfg = Release|Any CPU
		{2A00BD42-2D00-40A5-A9BF-1C1A080E5B28}.Release|Any CPU.Build.0 = Release|Any CPU
		{2A00BD42-2D00-40A5-A9BF-1C1A080E5B28}.Release|ARM.ActiveCfg = Release|Any CPU
		{2A00BD42-2D00-40A5-A9BF-1C1A080E5B28}.Release|ARM.Build.0 = Release|Any CPU
		{2A00BD42-2D00-40A5-A9BF-1C1A080E5B28}.Release|iPhone.ActiveCfg = Release|Any CPU
		{2A00BD42-2D00-40A5-A9BF-1C1A080E5B28}.Release|iPhone.Build.0 = Release|Any CPU
		{2A00BD42-2D00-40A5-A9BF-1C1A080E5B28}.Release|iPhoneSimulator.ActiveCfg = Release|Any CPU
		{2A00BD42-2D00-40A5-A9BF-1C1A080E5B28}.Release|iPhoneSimulator.Build.0 = Release|Any CPU
		{2A00BD42-2D00-40A5-A9BF-1C1A080E5B28}.Release|x64.ActiveCfg = Release|Any CPU
		{2A00BD42-2D00-40A5-A9BF-1C1A080E5B28}.Release|x64.Build.0 = Release|Any CPU
		{2A00BD42-2D00-40A5-A9BF-1C1A080E5B28}.Release|x86.ActiveCfg = Release|Any CPU
		{2A00BD42-2D00-40A5-A9BF-1C1A080E5B28}.Release|x86.Build.0 = Release|Any CPU
		{1C3FCDEF-4B20-4EF9-99F8-C0960BD072CA}.Ad-Hoc|Any CPU.ActiveCfg = Debug|Any CPU
		{1C3FCDEF-4B20-4EF9-99F8-C0960BD072CA}.Ad-Hoc|Any CPU.Build.0 = Debug|Any CPU
		{1C3FCDEF-4B20-4EF9-99F8-C0960BD072CA}.Ad-Hoc|ARM.ActiveCfg = Debug|Any CPU
		{1C3FCDEF-4B20-4EF9-99F8-C0960BD072CA}.Ad-Hoc|ARM.Build.0 = Debug|Any CPU
		{1C3FCDEF-4B20-4EF9-99F8-C0960BD072CA}.Ad-Hoc|iPhone.ActiveCfg = Debug|Any CPU
		{1C3FCDEF-4B20-4EF9-99F8-C0960BD072CA}.Ad-Hoc|iPhone.Build.0 = Debug|Any CPU
		{1C3FCDEF-4B20-4EF9-99F8-C0960BD072CA}.Ad-Hoc|iPhoneSimulator.ActiveCfg = Debug|Any CPU
		{1C3FCDEF-4B20-4EF9-99F8-C0960BD072CA}.Ad-Hoc|iPhoneSimulator.Build.0 = Debug|Any CPU
		{1C3FCDEF-4B20-4EF9-99F8-C0960BD072CA}.Ad-Hoc|x64.ActiveCfg = Debug|Any CPU
		{1C3FCDEF-4B20-4EF9-99F8-C0960BD072CA}.Ad-Hoc|x64.Build.0 = Debug|Any CPU
		{1C3FCDEF-4B20-4EF9-99F8-C0960BD072CA}.Ad-Hoc|x86.ActiveCfg = Debug|Any CPU
		{1C3FCDEF-4B20-4EF9-99F8-C0960BD072CA}.Ad-Hoc|x86.Build.0 = Debug|Any CPU
		{1C3FCDEF-4B20-4EF9-99F8-C0960BD072CA}.AppStore|Any CPU.ActiveCfg = Debug|Any CPU
		{1C3FCDEF-4B20-4EF9-99F8-C0960BD072CA}.AppStore|Any CPU.Build.0 = Debug|Any CPU
		{1C3FCDEF-4B20-4EF9-99F8-C0960BD072CA}.AppStore|ARM.ActiveCfg = Debug|Any CPU
		{1C3FCDEF-4B20-4EF9-99F8-C0960BD072CA}.AppStore|ARM.Build.0 = Debug|Any CPU
		{1C3FCDEF-4B20-4EF9-99F8-C0960BD072CA}.AppStore|iPhone.ActiveCfg = Debug|Any CPU
		{1C3FCDEF-4B20-4EF9-99F8-C0960BD072CA}.AppStore|iPhone.Build.0 = Debug|Any CPU
		{1C3FCDEF-4B20-4EF9-99F8-C0960BD072CA}.AppStore|iPhoneSimulator.ActiveCfg = Debug|Any CPU
		{1C3FCDEF-4B20-4EF9-99F8-C0960BD072CA}.AppStore|iPhoneSimulator.Build.0 = Debug|Any CPU
		{1C3FCDEF-4B20-4EF9-99F8-C0960BD072CA}.AppStore|x64.ActiveCfg = Debug|Any CPU
		{1C3FCDEF-4B20-4EF9-99F8-C0960BD072CA}.AppStore|x64.Build.0 = Debug|Any CPU
		{1C3FCDEF-4B20-4EF9-99F8-C0960BD072CA}.AppStore|x86.ActiveCfg = Debug|Any CPU
		{1C3FCDEF-4B20-4EF9-99F8-C0960BD072CA}.AppStore|x86.Build.0 = Debug|Any CPU
		{1C3FCDEF-4B20-4EF9-99F8-C0960BD072CA}.Debug|Any CPU.ActiveCfg = Debug|Any CPU
		{1C3FCDEF-4B20-4EF9-99F8-C0960BD072CA}.Debug|Any CPU.Build.0 = Debug|Any CPU
		{1C3FCDEF-4B20-4EF9-99F8-C0960BD072CA}.Debug|ARM.ActiveCfg = Debug|Any CPU
		{1C3FCDEF-4B20-4EF9-99F8-C0960BD072CA}.Debug|ARM.Build.0 = Debug|Any CPU
		{1C3FCDEF-4B20-4EF9-99F8-C0960BD072CA}.Debug|iPhone.ActiveCfg = Debug|Any CPU
		{1C3FCDEF-4B20-4EF9-99F8-C0960BD072CA}.Debug|iPhone.Build.0 = Debug|Any CPU
		{1C3FCDEF-4B20-4EF9-99F8-C0960BD072CA}.Debug|iPhoneSimulator.ActiveCfg = Debug|Any CPU
		{1C3FCDEF-4B20-4EF9-99F8-C0960BD072CA}.Debug|iPhoneSimulator.Build.0 = Debug|Any CPU
		{1C3FCDEF-4B20-4EF9-99F8-C0960BD072CA}.Debug|x64.ActiveCfg = Debug|Any CPU
		{1C3FCDEF-4B20-4EF9-99F8-C0960BD072CA}.Debug|x64.Build.0 = Debug|Any CPU
		{1C3FCDEF-4B20-4EF9-99F8-C0960BD072CA}.Debug|x86.ActiveCfg = Debug|Any CPU
		{1C3FCDEF-4B20-4EF9-99F8-C0960BD072CA}.Debug|x86.Build.0 = Debug|Any CPU
		{1C3FCDEF-4B20-4EF9-99F8-C0960BD072CA}.Release|Any CPU.ActiveCfg = Release|Any CPU
		{1C3FCDEF-4B20-4EF9-99F8-C0960BD072CA}.Release|Any CPU.Build.0 = Release|Any CPU
		{1C3FCDEF-4B20-4EF9-99F8-C0960BD072CA}.Release|ARM.ActiveCfg = Release|Any CPU
		{1C3FCDEF-4B20-4EF9-99F8-C0960BD072CA}.Release|ARM.Build.0 = Release|Any CPU
		{1C3FCDEF-4B20-4EF9-99F8-C0960BD072CA}.Release|iPhone.ActiveCfg = Release|Any CPU
		{1C3FCDEF-4B20-4EF9-99F8-C0960BD072CA}.Release|iPhone.Build.0 = Release|Any CPU
		{1C3FCDEF-4B20-4EF9-99F8-C0960BD072CA}.Release|iPhoneSimulator.ActiveCfg = Release|Any CPU
		{1C3FCDEF-4B20-4EF9-99F8-C0960BD072CA}.Release|iPhoneSimulator.Build.0 = Release|Any CPU
		{1C3FCDEF-4B20-4EF9-99F8-C0960BD072CA}.Release|x64.ActiveCfg = Release|Any CPU
		{1C3FCDEF-4B20-4EF9-99F8-C0960BD072CA}.Release|x64.Build.0 = Release|Any CPU
		{1C3FCDEF-4B20-4EF9-99F8-C0960BD072CA}.Release|x86.ActiveCfg = Release|Any CPU
		{1C3FCDEF-4B20-4EF9-99F8-C0960BD072CA}.Release|x86.Build.0 = Release|Any CPU
		{2982FA82-DAB0-4D94-8AD0-EF01955AC172}.Ad-Hoc|Any CPU.ActiveCfg = Release|Any CPU
		{2982FA82-DAB0-4D94-8AD0-EF01955AC172}.Ad-Hoc|Any CPU.Build.0 = Release|Any CPU
		{2982FA82-DAB0-4D94-8AD0-EF01955AC172}.Ad-Hoc|Any CPU.Deploy.0 = Release|Any CPU
		{2982FA82-DAB0-4D94-8AD0-EF01955AC172}.Ad-Hoc|ARM.ActiveCfg = Release|Any CPU
		{2982FA82-DAB0-4D94-8AD0-EF01955AC172}.Ad-Hoc|ARM.Build.0 = Release|Any CPU
		{2982FA82-DAB0-4D94-8AD0-EF01955AC172}.Ad-Hoc|ARM.Deploy.0 = Release|Any CPU
		{2982FA82-DAB0-4D94-8AD0-EF01955AC172}.Ad-Hoc|iPhone.ActiveCfg = Release|Any CPU
		{2982FA82-DAB0-4D94-8AD0-EF01955AC172}.Ad-Hoc|iPhone.Build.0 = Release|Any CPU
		{2982FA82-DAB0-4D94-8AD0-EF01955AC172}.Ad-Hoc|iPhone.Deploy.0 = Release|Any CPU
		{2982FA82-DAB0-4D94-8AD0-EF01955AC172}.Ad-Hoc|iPhoneSimulator.ActiveCfg = Release|Any CPU
		{2982FA82-DAB0-4D94-8AD0-EF01955AC172}.Ad-Hoc|iPhoneSimulator.Build.0 = Release|Any CPU
		{2982FA82-DAB0-4D94-8AD0-EF01955AC172}.Ad-Hoc|iPhoneSimulator.Deploy.0 = Release|Any CPU
		{2982FA82-DAB0-4D94-8AD0-EF01955AC172}.Ad-Hoc|x64.ActiveCfg = Release|Any CPU
		{2982FA82-DAB0-4D94-8AD0-EF01955AC172}.Ad-Hoc|x64.Build.0 = Release|Any CPU
		{2982FA82-DAB0-4D94-8AD0-EF01955AC172}.Ad-Hoc|x64.Deploy.0 = Release|Any CPU
		{2982FA82-DAB0-4D94-8AD0-EF01955AC172}.Ad-Hoc|x86.ActiveCfg = Release|Any CPU
		{2982FA82-DAB0-4D94-8AD0-EF01955AC172}.Ad-Hoc|x86.Build.0 = Release|Any CPU
		{2982FA82-DAB0-4D94-8AD0-EF01955AC172}.Ad-Hoc|x86.Deploy.0 = Release|Any CPU
		{2982FA82-DAB0-4D94-8AD0-EF01955AC172}.AppStore|Any CPU.ActiveCfg = Release|Any CPU
		{2982FA82-DAB0-4D94-8AD0-EF01955AC172}.AppStore|Any CPU.Build.0 = Release|Any CPU
		{2982FA82-DAB0-4D94-8AD0-EF01955AC172}.AppStore|Any CPU.Deploy.0 = Release|Any CPU
		{2982FA82-DAB0-4D94-8AD0-EF01955AC172}.AppStore|ARM.ActiveCfg = Release|Any CPU
		{2982FA82-DAB0-4D94-8AD0-EF01955AC172}.AppStore|ARM.Build.0 = Release|Any CPU
		{2982FA82-DAB0-4D94-8AD0-EF01955AC172}.AppStore|ARM.Deploy.0 = Release|Any CPU
		{2982FA82-DAB0-4D94-8AD0-EF01955AC172}.AppStore|iPhone.ActiveCfg = Release|Any CPU
		{2982FA82-DAB0-4D94-8AD0-EF01955AC172}.AppStore|iPhone.Build.0 = Release|Any CPU
		{2982FA82-DAB0-4D94-8AD0-EF01955AC172}.AppStore|iPhone.Deploy.0 = Release|Any CPU
		{2982FA82-DAB0-4D94-8AD0-EF01955AC172}.AppStore|iPhoneSimulator.ActiveCfg = Release|Any CPU
		{2982FA82-DAB0-4D94-8AD0-EF01955AC172}.AppStore|iPhoneSimulator.Build.0 = Release|Any CPU
		{2982FA82-DAB0-4D94-8AD0-EF01955AC172}.AppStore|iPhoneSimulator.Deploy.0 = Release|Any CPU
		{2982FA82-DAB0-4D94-8AD0-EF01955AC172}.AppStore|x64.ActiveCfg = Release|Any CPU
		{2982FA82-DAB0-4D94-8AD0-EF01955AC172}.AppStore|x64.Build.0 = Release|Any CPU
		{2982FA82-DAB0-4D94-8AD0-EF01955AC172}.AppStore|x64.Deploy.0 = Release|Any CPU
		{2982FA82-DAB0-4D94-8AD0-EF01955AC172}.AppStore|x86.ActiveCfg = Release|Any CPU
		{2982FA82-DAB0-4D94-8AD0-EF01955AC172}.AppStore|x86.Build.0 = Release|Any CPU
		{2982FA82-DAB0-4D94-8AD0-EF01955AC172}.AppStore|x86.Deploy.0 = Release|Any CPU
		{2982FA82-DAB0-4D94-8AD0-EF01955AC172}.Debug|Any CPU.ActiveCfg = Debug|Any CPU
		{2982FA82-DAB0-4D94-8AD0-EF01955AC172}.Debug|Any CPU.Build.0 = Debug|Any CPU
		{2982FA82-DAB0-4D94-8AD0-EF01955AC172}.Debug|Any CPU.Deploy.0 = Debug|Any CPU
		{2982FA82-DAB0-4D94-8AD0-EF01955AC172}.Debug|ARM.ActiveCfg = Debug|Any CPU
		{2982FA82-DAB0-4D94-8AD0-EF01955AC172}.Debug|ARM.Build.0 = Debug|Any CPU
		{2982FA82-DAB0-4D94-8AD0-EF01955AC172}.Debug|ARM.Deploy.0 = Debug|Any CPU
		{2982FA82-DAB0-4D94-8AD0-EF01955AC172}.Debug|iPhone.ActiveCfg = Debug|Any CPU
		{2982FA82-DAB0-4D94-8AD0-EF01955AC172}.Debug|iPhone.Build.0 = Debug|Any CPU
		{2982FA82-DAB0-4D94-8AD0-EF01955AC172}.Debug|iPhone.Deploy.0 = Debug|Any CPU
		{2982FA82-DAB0-4D94-8AD0-EF01955AC172}.Debug|iPhoneSimulator.ActiveCfg = Debug|Any CPU
		{2982FA82-DAB0-4D94-8AD0-EF01955AC172}.Debug|iPhoneSimulator.Build.0 = Debug|Any CPU
		{2982FA82-DAB0-4D94-8AD0-EF01955AC172}.Debug|iPhoneSimulator.Deploy.0 = Debug|Any CPU
		{2982FA82-DAB0-4D94-8AD0-EF01955AC172}.Debug|x64.ActiveCfg = Debug|Any CPU
		{2982FA82-DAB0-4D94-8AD0-EF01955AC172}.Debug|x64.Build.0 = Debug|Any CPU
		{2982FA82-DAB0-4D94-8AD0-EF01955AC172}.Debug|x64.Deploy.0 = Debug|Any CPU
		{2982FA82-DAB0-4D94-8AD0-EF01955AC172}.Debug|x86.ActiveCfg = Debug|Any CPU
		{2982FA82-DAB0-4D94-8AD0-EF01955AC172}.Debug|x86.Build.0 = Debug|Any CPU
		{2982FA82-DAB0-4D94-8AD0-EF01955AC172}.Debug|x86.Deploy.0 = Debug|Any CPU
		{2982FA82-DAB0-4D94-8AD0-EF01955AC172}.Release|Any CPU.ActiveCfg = Release|Any CPU
		{2982FA82-DAB0-4D94-8AD0-EF01955AC172}.Release|Any CPU.Build.0 = Release|Any CPU
		{2982FA82-DAB0-4D94-8AD0-EF01955AC172}.Release|Any CPU.Deploy.0 = Release|Any CPU
		{2982FA82-DAB0-4D94-8AD0-EF01955AC172}.Release|ARM.ActiveCfg = Release|Any CPU
		{2982FA82-DAB0-4D94-8AD0-EF01955AC172}.Release|ARM.Build.0 = Release|Any CPU
		{2982FA82-DAB0-4D94-8AD0-EF01955AC172}.Release|ARM.Deploy.0 = Release|Any CPU
		{2982FA82-DAB0-4D94-8AD0-EF01955AC172}.Release|iPhone.ActiveCfg = Release|Any CPU
		{2982FA82-DAB0-4D94-8AD0-EF01955AC172}.Release|iPhone.Build.0 = Release|Any CPU
		{2982FA82-DAB0-4D94-8AD0-EF01955AC172}.Release|iPhone.Deploy.0 = Release|Any CPU
		{2982FA82-DAB0-4D94-8AD0-EF01955AC172}.Release|iPhoneSimulator.ActiveCfg = Release|Any CPU
		{2982FA82-DAB0-4D94-8AD0-EF01955AC172}.Release|iPhoneSimulator.Build.0 = Release|Any CPU
		{2982FA82-DAB0-4D94-8AD0-EF01955AC172}.Release|iPhoneSimulator.Deploy.0 = Release|Any CPU
		{2982FA82-DAB0-4D94-8AD0-EF01955AC172}.Release|x64.ActiveCfg = Release|Any CPU
		{2982FA82-DAB0-4D94-8AD0-EF01955AC172}.Release|x64.Build.0 = Release|Any CPU
		{2982FA82-DAB0-4D94-8AD0-EF01955AC172}.Release|x64.Deploy.0 = Release|Any CPU
		{2982FA82-DAB0-4D94-8AD0-EF01955AC172}.Release|x86.ActiveCfg = Release|Any CPU
		{2982FA82-DAB0-4D94-8AD0-EF01955AC172}.Release|x86.Build.0 = Release|Any CPU
		{2982FA82-DAB0-4D94-8AD0-EF01955AC172}.Release|x86.Deploy.0 = Release|Any CPU
		{6E070056-4597-4FB1-8CBB-832E705CA35A}.Ad-Hoc|Any CPU.ActiveCfg = Ad-Hoc|iPhone
		{6E070056-4597-4FB1-8CBB-832E705CA35A}.Ad-Hoc|ARM.ActiveCfg = Ad-Hoc|iPhone
		{6E070056-4597-4FB1-8CBB-832E705CA35A}.Ad-Hoc|iPhone.ActiveCfg = Ad-Hoc|iPhone
		{6E070056-4597-4FB1-8CBB-832E705CA35A}.Ad-Hoc|iPhone.Build.0 = Ad-Hoc|iPhone
		{6E070056-4597-4FB1-8CBB-832E705CA35A}.Ad-Hoc|iPhoneSimulator.ActiveCfg = Ad-Hoc|iPhoneSimulator
		{6E070056-4597-4FB1-8CBB-832E705CA35A}.Ad-Hoc|iPhoneSimulator.Build.0 = Ad-Hoc|iPhoneSimulator
		{6E070056-4597-4FB1-8CBB-832E705CA35A}.Ad-Hoc|x64.ActiveCfg = Ad-Hoc|iPhone
		{6E070056-4597-4FB1-8CBB-832E705CA35A}.Ad-Hoc|x86.ActiveCfg = Ad-Hoc|iPhone
		{6E070056-4597-4FB1-8CBB-832E705CA35A}.AppStore|Any CPU.ActiveCfg = AppStore|iPhone
		{6E070056-4597-4FB1-8CBB-832E705CA35A}.AppStore|ARM.ActiveCfg = AppStore|iPhone
		{6E070056-4597-4FB1-8CBB-832E705CA35A}.AppStore|iPhone.ActiveCfg = AppStore|iPhone
		{6E070056-4597-4FB1-8CBB-832E705CA35A}.AppStore|iPhone.Build.0 = AppStore|iPhone
		{6E070056-4597-4FB1-8CBB-832E705CA35A}.AppStore|iPhoneSimulator.ActiveCfg = AppStore|iPhoneSimulator
		{6E070056-4597-4FB1-8CBB-832E705CA35A}.AppStore|iPhoneSimulator.Build.0 = AppStore|iPhoneSimulator
		{6E070056-4597-4FB1-8CBB-832E705CA35A}.AppStore|x64.ActiveCfg = AppStore|iPhone
		{6E070056-4597-4FB1-8CBB-832E705CA35A}.AppStore|x86.ActiveCfg = AppStore|iPhone
		{6E070056-4597-4FB1-8CBB-832E705CA35A}.Debug|Any CPU.ActiveCfg = Debug|iPhone
		{6E070056-4597-4FB1-8CBB-832E705CA35A}.Debug|ARM.ActiveCfg = Debug|iPhone
		{6E070056-4597-4FB1-8CBB-832E705CA35A}.Debug|iPhone.ActiveCfg = Debug|iPhone
		{6E070056-4597-4FB1-8CBB-832E705CA35A}.Debug|iPhone.Build.0 = Debug|iPhone
		{6E070056-4597-4FB1-8CBB-832E705CA35A}.Debug|iPhoneSimulator.ActiveCfg = Debug|iPhoneSimulator
		{6E070056-4597-4FB1-8CBB-832E705CA35A}.Debug|iPhoneSimulator.Build.0 = Debug|iPhoneSimulator
		{6E070056-4597-4FB1-8CBB-832E705CA35A}.Debug|x64.ActiveCfg = Debug|iPhone
		{6E070056-4597-4FB1-8CBB-832E705CA35A}.Debug|x86.ActiveCfg = Debug|iPhone
		{6E070056-4597-4FB1-8CBB-832E705CA35A}.Release|Any CPU.ActiveCfg = Release|iPhone
		{6E070056-4597-4FB1-8CBB-832E705CA35A}.Release|ARM.ActiveCfg = Release|iPhone
		{6E070056-4597-4FB1-8CBB-832E705CA35A}.Release|iPhone.ActiveCfg = Release|iPhone
		{6E070056-4597-4FB1-8CBB-832E705CA35A}.Release|iPhone.Build.0 = Release|iPhone
		{6E070056-4597-4FB1-8CBB-832E705CA35A}.Release|iPhoneSimulator.ActiveCfg = Release|iPhoneSimulator
		{6E070056-4597-4FB1-8CBB-832E705CA35A}.Release|iPhoneSimulator.Build.0 = Release|iPhoneSimulator
		{6E070056-4597-4FB1-8CBB-832E705CA35A}.Release|x64.ActiveCfg = Release|iPhone
		{6E070056-4597-4FB1-8CBB-832E705CA35A}.Release|x86.ActiveCfg = Release|iPhone
	EndGlobalSection
	GlobalSection(SolutionProperties) = preSolution
		HideSolutionNode = FALSE
	EndGlobalSection
	GlobalSection(ExtensibilityGlobals) = postSolution
		SolutionGuid = {B53EC0C2-699C-4A97-A05A-1AE90292E7A8}
	EndGlobalSection
EndGlobal
